// !$*UTF8*$!
{
	archiveVersion = 1;
	classes = {
	};
	objectVersion = 46;
	objects = {

/* Begin PBXBuildFile section */
		1873BBD5195C67A5001552F8 /* Foundation.framework in Frameworks */ = {isa = PBXBuildFile; fileRef = 1873BBD4195C67A5001552F8 /* Foundation.framework */; };
		1873BBD7195C67A5001552F8 /* CoreGraphics.framework in Frameworks */ = {isa = PBXBuildFile; fileRef = 1873BBD6195C67A5001552F8 /* CoreGraphics.framework */; };
		1873BBD9195C67A5001552F8 /* UIKit.framework in Frameworks */ = {isa = PBXBuildFile; fileRef = 1873BBD8195C67A5001552F8 /* UIKit.framework */; };
		1873BBDB195C67A5001552F8 /* CoreData.framework in Frameworks */ = {isa = PBXBuildFile; fileRef = 1873BBDA195C67A5001552F8 /* CoreData.framework */; };
		1873BBE1195C67A5001552F8 /* InfoPlist.strings in Resources */ = {isa = PBXBuildFile; fileRef = 1873BBDF195C67A5001552F8 /* InfoPlist.strings */; };
		1873BBE3195C67A5001552F8 /* main.m in Sources */ = {isa = PBXBuildFile; fileRef = 1873BBE2195C67A5001552F8 /* main.m */; };
		1873BBE7195C67A5001552F8 /* NRAppDelegate.m in Sources */ = {isa = PBXBuildFile; fileRef = 1873BBE6195C67A5001552F8 /* NRAppDelegate.m */; };
		1873BBEA195C67A5001552F8 /* Vault.xcdatamodeld in Sources */ = {isa = PBXBuildFile; fileRef = 1873BBE8195C67A5001552F8 /* Vault.xcdatamodeld */; };
		1873BBEC195C67A5001552F8 /* Images.xcassets in Resources */ = {isa = PBXBuildFile; fileRef = 1873BBEB195C67A5001552F8 /* Images.xcassets */; };
		1873BBF3195C67A5001552F8 /* XCTest.framework in Frameworks */ = {isa = PBXBuildFile; fileRef = 1873BBF2195C67A5001552F8 /* XCTest.framework */; };
		1873BBF4195C67A5001552F8 /* Foundation.framework in Frameworks */ = {isa = PBXBuildFile; fileRef = 1873BBD4195C67A5001552F8 /* Foundation.framework */; };
		1873BBF5195C67A5001552F8 /* UIKit.framework in Frameworks */ = {isa = PBXBuildFile; fileRef = 1873BBD8195C67A5001552F8 /* UIKit.framework */; };
		1873BBF6195C67A5001552F8 /* CoreData.framework in Frameworks */ = {isa = PBXBuildFile; fileRef = 1873BBDA195C67A5001552F8 /* CoreData.framework */; };
		1873BBFE195C67A5001552F8 /* InfoPlist.strings in Resources */ = {isa = PBXBuildFile; fileRef = 1873BBFC195C67A5001552F8 /* InfoPlist.strings */; };
		1873BC00195C67A5001552F8 /* VaultTests.m in Sources */ = {isa = PBXBuildFile; fileRef = 1873BBFF195C67A5001552F8 /* VaultTests.m */; };
/* End PBXBuildFile section */

/* Begin PBXContainerItemProxy section */
		1873BBF7195C67A5001552F8 /* PBXContainerItemProxy */ = {
			isa = PBXContainerItemProxy;
			containerPortal = 1873BBC9195C67A5001552F8 /* Project object */;
			proxyType = 1;
			remoteGlobalIDString = 1873BBD0195C67A5001552F8;
			remoteInfo = Vault;
		};
/* End PBXContainerItemProxy section */

/* Begin PBXFileReference section */
		1873BBD1195C67A5001552F8 /* Vault.app */ = {isa = PBXFileReference; explicitFileType = wrapper.application; includeInIndex = 0; path = Vault.app; sourceTree = BUILT_PRODUCTS_DIR; };
		1873BBD4195C67A5001552F8 /* Foundation.framework */ = {isa = PBXFileReference; lastKnownFileType = wrapper.framework; name = Foundation.framework; path = System/Library/Frameworks/Foundation.framework; sourceTree = SDKROOT; };
		1873BBD6195C67A5001552F8 /* CoreGraphics.framework */ = {isa = PBXFileReference; lastKnownFileType = wrapper.framework; name = CoreGraphics.framework; path = System/Library/Frameworks/CoreGraphics.framework; sourceTree = SDKROOT; };
		1873BBD8195C67A5001552F8 /* UIKit.framework */ = {isa = PBXFileReference; lastKnownFileType = wrapper.framework; name = UIKit.framework; path = System/Library/Frameworks/UIKit.framework; sourceTree = SDKROOT; };
		1873BBDA195C67A5001552F8 /* CoreData.framework */ = {isa = PBXFileReference; lastKnownFileType = wrapper.framework; name = CoreData.framework; path = System/Library/Frameworks/CoreData.framework; sourceTree = SDKROOT; };
		1873BBDE195C67A5001552F8 /* Vault-Info.plist */ = {isa = PBXFileReference; lastKnownFileType = text.plist.xml; path = "Vault-Info.plist"; sourceTree = "<group>"; };
		1873BBE0195C67A5001552F8 /* en */ = {isa = PBXFileReference; lastKnownFileType = text.plist.strings; name = en; path = en.lproj/InfoPlist.strings; sourceTree = "<group>"; };
		1873BBE2195C67A5001552F8 /* main.m */ = {isa = PBXFileReference; lastKnownFileType = sourcecode.c.objc; path = main.m; sourceTree = "<group>"; };
		1873BBE4195C67A5001552F8 /* Vault-Prefix.pch */ = {isa = PBXFileReference; lastKnownFileType = sourcecode.c.h; path = "Vault-Prefix.pch"; sourceTree = "<group>"; };
		1873BBE5195C67A5001552F8 /* NRAppDelegate.h */ = {isa = PBXFileReference; lastKnownFileType = sourcecode.c.h; path = NRAppDelegate.h; sourceTree = "<group>"; };
		1873BBE6195C67A5001552F8 /* NRAppDelegate.m */ = {isa = PBXFileReference; lastKnownFileType = sourcecode.c.objc; path = NRAppDelegate.m; sourceTree = "<group>"; };
		1873BBE9195C67A5001552F8 /* Vault.xcdatamodel */ = {isa = PBXFileReference; lastKnownFileType = wrapper.xcdatamodel; path = Vault.xcdatamodel; sourceTree = "<group>"; };
		1873BBEB195C67A5001552F8 /* Images.xcassets */ = {isa = PBXFileReference; lastKnownFileType = folder.assetcatalog; path = Images.xcassets; sourceTree = "<group>"; };
		1873BBF1195C67A5001552F8 /* VaultTests.xctest */ = {isa = PBXFileReference; explicitFileType = wrapper.cfbundle; includeInIndex = 0; path = VaultTests.xctest; sourceTree = BUILT_PRODUCTS_DIR; };
		1873BBF2195C67A5001552F8 /* XCTest.framework */ = {isa = PBXFileReference; lastKnownFileType = wrapper.framework; name = XCTest.framework; path = Library/Frameworks/XCTest.framework; sourceTree = DEVELOPER_DIR; };
		1873BBFB195C67A5001552F8 /* VaultTests-Info.plist */ = {isa = PBXFileReference; lastKnownFileType = text.plist.xml; path = "VaultTests-Info.plist"; sourceTree = "<group>"; };
		1873BBFD195C67A5001552F8 /* en */ = {isa = PBXFileReference; lastKnownFileType = text.plist.strings; name = en; path = en.lproj/InfoPlist.strings; sourceTree = "<group>"; };
		1873BBFF195C67A5001552F8 /* VaultTests.m */ = {isa = PBXFileReference; lastKnownFileType = sourcecode.c.objc; path = VaultTests.m; sourceTree = "<group>"; };
/* End PBXFileReference section */

/* Begin PBXFrameworksBuildPhase section */
		1873BBCE195C67A5001552F8 /* Frameworks */ = {
			isa = PBXFrameworksBuildPhase;
			buildActionMask = 2147483647;
			files = (
				1873BBD7195C67A5001552F8 /* CoreGraphics.framework in Frameworks */,
				1873BBDB195C67A5001552F8 /* CoreData.framework in Frameworks */,
				1873BBD9195C67A5001552F8 /* UIKit.framework in Frameworks */,
				1873BBD5195C67A5001552F8 /* Foundation.framework in Frameworks */,
			);
			runOnlyForDeploymentPostprocessing = 0;
		};
		1873BBEE195C67A5001552F8 /* Frameworks */ = {
			isa = PBXFrameworksBuildPhase;
			buildActionMask = 2147483647;
			files = (
				1873BBF3195C67A5001552F8 /* XCTest.framework in Frameworks */,
				1873BBF6195C67A5001552F8 /* CoreData.framework in Frameworks */,
				1873BBF5195C67A5001552F8 /* UIKit.framework in Frameworks */,
				1873BBF4195C67A5001552F8 /* Foundation.framework in Frameworks */,
			);
			runOnlyForDeploymentPostprocessing = 0;
		};
/* End PBXFrameworksBuildPhase section */

/* Begin PBXGroup section */
		1873BBC8195C67A5001552F8 = {
			isa = PBXGroup;
			children = (
				1873BBDC195C67A5001552F8 /* Vault */,
				1873BBF9195C67A5001552F8 /* VaultTests */,
				1873BBD3195C67A5001552F8 /* Frameworks */,
				1873BBD2195C67A5001552F8 /* Products */,
			);
			sourceTree = "<group>";
		};
		1873BBD2195C67A5001552F8 /* Products */ = {
			isa = PBXGroup;
			children = (
				1873BBD1195C67A5001552F8 /* Vault.app */,
				1873BBF1195C67A5001552F8 /* VaultTests.xctest */,
			);
			name = Products;
			sourceTree = "<group>";
		};
		1873BBD3195C67A5001552F8 /* Frameworks */ = {
			isa = PBXGroup;
			children = (
				1873BBD4195C67A5001552F8 /* Foundation.framework */,
				1873BBD6195C67A5001552F8 /* CoreGraphics.framework */,
				1873BBD8195C67A5001552F8 /* UIKit.framework */,
				1873BBDA195C67A5001552F8 /* CoreData.framework */,
				1873BBF2195C67A5001552F8 /* XCTest.framework */,
			);
			name = Frameworks;
			sourceTree = "<group>";
		};
		1873BBDC195C67A5001552F8 /* Vault */ = {
			isa = PBXGroup;
			children = (
				1873BBE5195C67A5001552F8 /* NRAppDelegate.h */,
				1873BBE6195C67A5001552F8 /* NRAppDelegate.m */,
				1873BBEB195C67A5001552F8 /* Images.xcassets */,
				1873BBE8195C67A5001552F8 /* Vault.xcdatamodeld */,
				1873BBDD195C67A5001552F8 /* Supporting Files */,
			);
			path = Vault;
			sourceTree = "<group>";
		};
		1873BBDD195C67A5001552F8 /* Supporting Files */ = {
			isa = PBXGroup;
			children = (
				1873BBDE195C67A5001552F8 /* Vault-Info.plist */,
				1873BBDF195C67A5001552F8 /* InfoPlist.strings */,
				1873BBE2195C67A5001552F8 /* main.m */,
				1873BBE4195C67A5001552F8 /* Vault-Prefix.pch */,
			);
			name = "Supporting Files";
			sourceTree = "<group>";
		};
		1873BBF9195C67A5001552F8 /* VaultTests */ = {
			isa = PBXGroup;
			children = (
				1873BBFF195C67A5001552F8 /* VaultTests.m */,
				1873BBFA195C67A5001552F8 /* Supporting Files */,
			);
			path = VaultTests;
			sourceTree = "<group>";
		};
		1873BBFA195C67A5001552F8 /* Supporting Files */ = {
			isa = PBXGroup;
			children = (
				1873BBFB195C67A5001552F8 /* VaultTests-Info.plist */,
				1873BBFC195C67A5001552F8 /* InfoPlist.strings */,
			);
			name = "Supporting Files";
			sourceTree = "<group>";
		};
/* End PBXGroup section */

/* Begin PBXNativeTarget section */
		1873BBD0195C67A5001552F8 /* Vault */ = {
			isa = PBXNativeTarget;
			buildConfigurationList = 1873BC03195C67A5001552F8 /* Build configuration list for PBXNativeTarget "Vault" */;
			buildPhases = (
				1873BBCD195C67A5001552F8 /* Sources */,
				1873BBCE195C67A5001552F8 /* Frameworks */,
				1873BBCF195C67A5001552F8 /* Resources */,
			);
			buildRules = (
			);
			dependencies = (
			);
			name = Vault;
			productName = Vault;
			productReference = 1873BBD1195C67A5001552F8 /* Vault.app */;
			productType = "com.apple.product-type.application";
		};
		1873BBF0195C67A5001552F8 /* VaultTests */ = {
			isa = PBXNativeTarget;
			buildConfigurationList = 1873BC06195C67A5001552F8 /* Build configuration list for PBXNativeTarget "VaultTests" */;
			buildPhases = (
				1873BBED195C67A5001552F8 /* Sources */,
				1873BBEE195C67A5001552F8 /* Frameworks */,
				1873BBEF195C67A5001552F8 /* Resources */,
			);
			buildRules = (
			);
			dependencies = (
				1873BBF8195C67A5001552F8 /* PBXTargetDependency */,
			);
			name = VaultTests;
			productName = VaultTests;
			productReference = 1873BBF1195C67A5001552F8 /* VaultTests.xctest */;
			productType = "com.apple.product-type.bundle.unit-test";
		};
/* End PBXNativeTarget section */

/* Begin PBXProject section */
		1873BBC9195C67A5001552F8 /* Project object */ = {
			isa = PBXProject;
			attributes = {
				CLASSPREFIX = NR;
				LastUpgradeCheck = 0510;
				ORGANIZATIONNAME = "Nick Ross";
				TargetAttributes = {
					1873BBF0195C67A5001552F8 = {
						TestTargetID = 1873BBD0195C67A5001552F8;
					};
				};
			};
			buildConfigurationList = 1873BBCC195C67A5001552F8 /* Build configuration list for PBXProject "Vault" */;
			compatibilityVersion = "Xcode 3.2";
			developmentRegion = English;
			hasScannedForEncodings = 0;
			knownRegions = (
				en,
			);
			mainGroup = 1873BBC8195C67A5001552F8;
			productRefGroup = 1873BBD2195C67A5001552F8 /* Products */;
			projectDirPath = "";
			projectRoot = "";
			targets = (
				1873BBD0195C67A5001552F8 /* Vault */,
				1873BBF0195C67A5001552F8 /* VaultTests */,
			);
		};
/* End PBXProject section */

/* Begin PBXResourcesBuildPhase section */
		1873BBCF195C67A5001552F8 /* Resources */ = {
			isa = PBXResourcesBuildPhase;
			buildActionMask = 2147483647;
			files = (
				1873BBE1195C67A5001552F8 /* InfoPlist.strings in Resources */,
				1873BBEC195C67A5001552F8 /* Images.xcassets in Resources */,
			);
			runOnlyForDeploymentPostprocessing = 0;
		};
		1873BBEF195C67A5001552F8 /* Resources */ = {
			isa = PBXResourcesBuildPhase;
			buildActionMask = 2147483647;
			files = (
				1873BBFE195C67A5001552F8 /* InfoPlist.strings in Resources */,
			);
			runOnlyForDeploymentPostprocessing = 0;
		};
/* End PBXResourcesBuildPhase section */

/* Begin PBXSourcesBuildPhase section */
		1873BBCD195C67A5001552F8 /* Sources */ = {
			isa = PBXSourcesBuildPhase;
			buildActionMask = 2147483647;
			files = (
				1873BBE7195C67A5001552F8 /* NRAppDelegate.m in Sources */,
				1873BBE3195C67A5001552F8 /* main.m in Sources */,
				1873BBEA195C67A5001552F8 /* Vault.xcdatamodeld in Sources */,
			);
			runOnlyForDeploymentPostprocessing = 0;
		};
		1873BBED195C67A5001552F8 /* Sources */ = {
			isa = PBXSourcesBuildPhase;
			buildActionMask = 2147483647;
			files = (
				1873BC00195C67A5001552F8 /* VaultTests.m in Sources */,
			);
			runOnlyForDeploymentPostprocessing = 0;
		};
/* End PBXSourcesBuildPhase section */

/* Begin PBXTargetDependency section */
		1873BBF8195C67A5001552F8 /* PBXTargetDependency */ = {
			isa = PBXTargetDependency;
			target = 1873BBD0195C67A5001552F8 /* Vault */;
			targetProxy = 1873BBF7195C67A5001552F8 /* PBXContainerItemProxy */;
		};
/* End PBXTargetDependency section */

/* Begin PBXVariantGroup section */
		1873BBDF195C67A5001552F8 /* InfoPlist.strings */ = {
			isa = PBXVariantGroup;
			children = (
				1873BBE0195C67A5001552F8 /* en */,
			);
			name = InfoPlist.strings;
			sourceTree = "<group>";
		};
		1873BBFC195C67A5001552F8 /* InfoPlist.strings */ = {
			isa = PBXVariantGroup;
			children = (
				1873BBFD195C67A5001552F8 /* en */,
			);
			name = InfoPlist.strings;
			sourceTree = "<group>";
		};
/* End PBXVariantGroup section */

/* Begin XCBuildConfiguration section */
		1873BC01195C67A5001552F8 /* Debug */ = {
			isa = XCBuildConfiguration;
			buildSettings = {
				ALWAYS_SEARCH_USER_PATHS = NO;
				CLANG_CXX_LANGUAGE_STANDARD = "gnu++0x";
				CLANG_CXX_LIBRARY = "libc++";
				CLANG_ENABLE_MODULES = YES;
				CLANG_ENABLE_OBJC_ARC = YES;
				CLANG_WARN_BOOL_CONVERSION = YES;
				CLANG_WARN_CONSTANT_CONVERSION = YES;
				CLANG_WARN_DIRECT_OBJC_ISA_USAGE = YES_ERROR;
				CLANG_WARN_EMPTY_BODY = YES;
				CLANG_WARN_ENUM_CONVERSION = YES;
				CLANG_WARN_INT_CONVERSION = YES;
				CLANG_WARN_OBJC_ROOT_CLASS = YES_ERROR;
				CLANG_WARN__DUPLICATE_METHOD_MATCH = YES;
				"CODE_SIGN_IDENTITY[sdk=iphoneos*]" = "iPhone Developer";
				COPY_PHASE_STRIP = NO;
				GCC_C_LANGUAGE_STANDARD = gnu99;
				GCC_DYNAMIC_NO_PIC = NO;
				GCC_OPTIMIZATION_LEVEL = 0;
				GCC_PREPROCESSOR_DEFINITIONS = (
					"DEBUG=1",
					"$(inherited)",
				);
				GCC_SYMBOLS_PRIVATE_EXTERN = NO;
				GCC_WARN_64_TO_32_BIT_CONVERSION = YES;
				GCC_WARN_ABOUT_RETURN_TYPE = YES_ERROR;
				GCC_WARN_UNDECLARED_SELECTOR = YES;
				GCC_WARN_UNINITIALIZED_AUTOS = YES_AGGRESSIVE;
				GCC_WARN_UNUSED_FUNCTION = YES;
				GCC_WARN_UNUSED_VARIABLE = YES;
				IPHONEOS_DEPLOYMENT_TARGET = 7.1;
				ONLY_ACTIVE_ARCH = YES;
				SDKROOT = iphoneos;
			};
			name = Debug;
		};
		1873BC02195C67A5001552F8 /* Release */ = {
			isa = XCBuildConfiguration;
			buildSettings = {
				ALWAYS_SEARCH_USER_PATHS = NO;
				CLANG_CXX_LANGUAGE_STANDARD = "gnu++0x";
				CLANG_CXX_LIBRARY = "libc++";
				CLANG_ENABLE_MODULES = YES;
				CLANG_ENABLE_OBJC_ARC = YES;
				CLANG_WARN_BOOL_CONVERSION = YES;
				CLANG_WARN_CONSTANT_CONVERSION = YES;
				CLANG_WARN_DIRECT_OBJC_ISA_USAGE = YES_ERROR;
				CLANG_WARN_EMPTY_BODY = YES;
				CLANG_WARN_ENUM_CONVERSION = YES;
				CLANG_WARN_INT_CONVERSION = YES;
				CLANG_WARN_OBJC_ROOT_CLASS = YES_ERROR;
				CLANG_WARN__DUPLICATE_METHOD_MATCH = YES;
				"CODE_SIGN_IDENTITY[sdk=iphoneos*]" = "iPhone Developer";
				COPY_PHASE_STRIP = YES;
				ENABLE_NS_ASSERTIONS = NO;
				GCC_C_LANGUAGE_STANDARD = gnu99;
				GCC_WARN_64_TO_32_BIT_CONVERSION = YES;
				GCC_WARN_ABOUT_RETURN_TYPE = YES_ERROR;
				GCC_WARN_UNDECLARED_SELECTOR = YES;
				GCC_WARN_UNINITIALIZED_AUTOS = YES_AGGRESSIVE;
				GCC_WARN_UNUSED_FUNCTION = YES;
				GCC_WARN_UNUSED_VARIABLE = YES;
				IPHONEOS_DEPLOYMENT_TARGET = 7.1;
				SDKROOT = iphoneos;
				VALIDATE_PRODUCT = YES;
			};
			name = Release;
		};
		1873BC04195C67A5001552F8 /* Debug */ = {
			isa = XCBuildConfiguration;
			buildSettings = {
				ASSETCATALOG_COMPILER_APPICON_NAME = AppIcon;
				ASSETCATALOG_COMPILER_LAUNCHIMAGE_NAME = LaunchImage;
				GCC_PRECOMPILE_PREFIX_HEADER = YES;
				GCC_PREFIX_HEADER = "Vault/Vault-Prefix.pch";
				INFOPLIST_FILE = "Vault/Vault-Info.plist";
				PRODUCT_NAME = "$(TARGET_NAME)";
				WRAPPER_EXTENSION = app;
			};
			name = Debug;
		};
		1873BC05195C67A5001552F8 /* Release */ = {
			isa = XCBuildConfiguration;
			buildSettings = {
				ASSETCATALOG_COMPILER_APPICON_NAME = AppIcon;
				ASSETCATALOG_COMPILER_LAUNCHIMAGE_NAME = LaunchImage;
				GCC_PRECOMPILE_PREFIX_HEADER = YES;
				GCC_PREFIX_HEADER = "Vault/Vault-Prefix.pch";
				INFOPLIST_FILE = "Vault/Vault-Info.plist";
				PRODUCT_NAME = "$(TARGET_NAME)";
				WRAPPER_EXTENSION = app;
			};
			name = Release;
		};
		1873BC07195C67A5001552F8 /* Debug */ = {
			isa = XCBuildConfiguration;
			buildSettings = {
				BUNDLE_LOADER = "$(BUILT_PRODUCTS_DIR)/Vault.app/Vault";
				FRAMEWORK_SEARCH_PATHS = (
					"$(SDKROOT)/Developer/Library/Frameworks",
					"$(inherited)",
					"$(DEVELOPER_FRAMEWORKS_DIR)",
				);
				GCC_PRECOMPILE_PREFIX_HEADER = YES;
				GCC_PREFIX_HEADER = "Vault/Vault-Prefix.pch";
				GCC_PREPROCESSOR_DEFINITIONS = (
					"DEBUG=1",
					"$(inherited)",
				);
				INFOPLIST_FILE = "VaultTests/VaultTests-Info.plist";
				PRODUCT_NAME = "$(TARGET_NAME)";
				TEST_HOST = "$(BUNDLE_LOADER)";
				WRAPPER_EXTENSION = xctest;
			};
			name = Debug;
		};
		1873BC08195C67A5001552F8 /* Release */ = {
			isa = XCBuildConfiguration;
			buildSettings = {
				BUNDLE_LOADER = "$(BUILT_PRODUCTS_DIR)/Vault.app/Vault";
				FRAMEWORK_SEARCH_PATHS = (
					"$(SDKROOT)/Developer/Library/Frameworks",
					"$(inherited)",
					"$(DEVELOPER_FRAMEWORKS_DIR)",
				);
				GCC_PRECOMPILE_PREFIX_HEADER = YES;
				GCC_PREFIX_HEADER = "Vault/Vault-Prefix.pch";
				INFOPLIST_FILE = "VaultTests/VaultTests-Info.plist";
				PRODUCT_NAME = "$(TARGET_NAME)";
				TEST_HOST = "$(BUNDLE_LOADER)";
				WRAPPER_EXTENSION = xctest;
			};
			name = Release;
		};
/* End XCBuildConfiguration section */

/* Begin XCConfigurationList section */
		1873BBCC195C67A5001552F8 /* Build configuration list for PBXProject "Vault" */ = {
			isa = XCConfigurationList;
			buildConfigurations = (
				1873BC01195C67A5001552F8 /* Debug */,
				1873BC02195C67A5001552F8 /* Release */,
			);
			defaultConfigurationIsVisible = 0;
			defaultConfigurationName = Release;
		};
		1873BC03195C67A5001552F8 /* Build configuration list for PBXNativeTarget "Vault" */ = {
			isa = XCConfigurationList;
			buildConfigurations = (
				1873BC04195C67A5001552F8 /* Debug */,
				1873BC05195C67A5001552F8 /* Release */,
			);
			defaultConfigurationIsVisible = 0;
		};
		1873BC06195C67A5001552F8 /* Build configuration list for PBXNativeTarget "VaultTests" */ = {
			isa = XCConfigurationList;
			buildConfigurations = (
				1873BC07195C67A5001552F8 /* Debug */,
				1873BC08195C67A5001552F8 /* Release */,
			);
			defaultConfigurationIsVisible = 0;
		};
/* End XCConfigurationList section */

/* Begin XCVersionGroup section */
		1873BBE8195C67A5001552F8 /* Vault.xcdatamodeld */ = {
			isa = XCVersionGroup;
			children = (
				1873BBE9195C67A5001552F8 /* Vault.xcdatamodel */,
			);
			currentVersion = 1873BBE9195C67A5001552F8 /* Vault.xcdatamodel */;
			path = Vault.xcdatamodeld;
			sourceTree = "<group>";
			versionGroupType = wrapper.xcdatamodel;
		};
/* End XCVersionGroup section */
	};
	rootObject = 1873BBC9195C67A5001552F8 /* Project object */;
}
